
Microsoft Visual Studio Solution File, Format Version 12.00
# Visual Studio Version 16
VisualStudioVersion = 16.0.33529.622
MinimumVisualStudioVersion = 10.0.40219.1
Project("{FAE04EC0-301F-11D3-BF4B-00C04F79EFBC}") = "Proiect CSharp", "Proiect CSharp\Proiect CSharp.csproj", "{2109360F-AE64-4F16-BE35-26FA36BFCC51}"
EndProject
Global
	GlobalSection(SolutionConfigurationPlatforms) = preSolution
		Debug|Any CPU = Debug|Any CPU
		Release|Any CPU = Release|Any CPU
	EndGlobalSection
	GlobalSection(ProjectConfigurationPlatforms) = postSolution
		{2109360F-AE64-4F16-BE35-26FA36BFCC51}.Debug|Any CPU.ActiveCfg = Debug|Any CPU
		{2109360F-AE64-4F16-BE35-26FA36BFCC51}.Debug|Any CPU.Build.0 = Debug|Any CPU
		{2109360F-AE64-4F16-BE35-26FA36BFCC51}.Release|Any CPU.ActiveCfg = Release|Any CPU
		{2109360F-AE64-4F16-BE35-26FA36BFCC51}.Release|Any CPU.Build.0 = Release|Any CPU
	EndGlobalSection
	GlobalSection(SolutionProperties) = preSolution
		HideSolutionNode = FALSE
	EndGlobalSection
	GlobalSection(ExtensibilityGlobals) = postSolution
		SolutionGuid = {4E595AB3-676E-4B95-9C8B-7E3D34C4743A}
	EndGlobalSection
EndGlobal
